
Microsoft Visual Studio Solution File, Format Version 12.00
# Visual Studio 15
VisualStudioVersion = 15.0.28307.572
MinimumVisualStudioVersion = 10.0.40219.1
Project("{9A19103F-16F7-4668-BE54-9A1E7A4F7556}") = "LR3Proj", "WebApplication1\LR3Proj.csproj", "{2CD2F64E-21E6-4377-B378-AE53F0414EEA}"
EndProject
Global
	GlobalSection(SolutionConfigurationPlatforms) = preSolution
		Debug|Any CPU = Debug|Any CPU
		Release|Any CPU = Release|Any CPU
	EndGlobalSection
	GlobalSection(ProjectConfigurationPlatforms) = postSolution
		{2CD2F64E-21E6-4377-B378-AE53F0414EEA}.Debug|Any CPU.ActiveCfg = Debug|Any CPU
		{2CD2F64E-21E6-4377-B378-AE53F0414EEA}.Debug|Any CPU.Build.0 = Debug|Any CPU
		{2CD2F64E-21E6-4377-B378-AE53F0414EEA}.Release|Any CPU.ActiveCfg = Release|Any CPU
		{2CD2F64E-21E6-4377-B378-AE53F0414EEA}.Release|Any CPU.Build.0 = Release|Any CPU
	EndGlobalSection
	GlobalSection(SolutionProperties) = preSolution
		HideSolutionNode = FALSE
	EndGlobalSection
	GlobalSection(ExtensibilityGlobals) = postSolution
		SolutionGuid = {3C9B5B2F-4512-49CD-AD1C-5CE7C2F6F070}
	EndGlobalSection
EndGlobal
